// !$*UTF8*$!
{
	archiveVersion = 1;
	classes = {
	};
	objectVersion = 50;
	objects = {

/* Begin PBXBuildFile section */
		A7C84E85266E233300473A35 /* AppDelegate.swift in Sources */ = {isa = PBXBuildFile; fileRef = A7C84E84266E233300473A35 /* AppDelegate.swift */; };
		A7C84E89266E233300473A35 /* HoleTableViewController.swift in Sources */ = {isa = PBXBuildFile; fileRef = A7C84E88266E233300473A35 /* HoleTableViewController.swift */; };
		A7C84E8C266E233300473A35 /* Main.storyboard in Resources */ = {isa = PBXBuildFile; fileRef = A7C84E8A266E233300473A35 /* Main.storyboard */; };
		A7C84E8E266E233600473A35 /* Assets.xcassets in Resources */ = {isa = PBXBuildFile; fileRef = A7C84E8D266E233600473A35 /* Assets.xcassets */; };
		A7C84E91266E233600473A35 /* LaunchScreen.storyboard in Resources */ = {isa = PBXBuildFile; fileRef = A7C84E8F266E233600473A35 /* LaunchScreen.storyboard */; };
		A7C84E9E266E251400473A35 /* HoleTableViewCell.swift in Sources */ = {isa = PBXBuildFile; fileRef = A7C84E9D266E251400473A35 /* HoleTableViewCell.swift */; };
		A7C84EA1266E252500473A35 /* HoleTableViewCell.xib in Resources */ = {isa = PBXBuildFile; fileRef = A7C84EA0266E252500473A35 /* HoleTableViewCell.xib */; };
		A7C84EA4266E29F100473A35 /* UITableView+extension.swift in Sources */ = {isa = PBXBuildFile; fileRef = A7C84EA3266E29F100473A35 /* UITableView+extension.swift */; };
		A7C84EAE266E3FAD00473A35 /* HoleViewController.swift in Sources */ = {isa = PBXBuildFile; fileRef = A7C84EAD266E3FAD00473A35 /* HoleViewController.swift */; };
		A7C84EB9266F4A0500473A35 /* GradientHoleTableViewController.swift in Sources */ = {isa = PBXBuildFile; fileRef = A7C84EB8266F4A0500473A35 /* GradientHoleTableViewController.swift */; };
		A7C84EBE266F4ABD00473A35 /* GradientHoleTableViewCell.swift in Sources */ = {isa = PBXBuildFile; fileRef = A7C84EBD266F4ABD00473A35 /* GradientHoleTableViewCell.swift */; };
		A7C84EC2266F4AC700473A35 /* GradientHoleTableViewCell.xib in Resources */ = {isa = PBXBuildFile; fileRef = A7C84EC1266F4AC700473A35 /* GradientHoleTableViewCell.xib */; };
		A7C84EC5266F4DFD00473A35 /* UIImageView+extension.swift in Sources */ = {isa = PBXBuildFile; fileRef = A7C84EC4266F4DFD00473A35 /* UIImageView+extension.swift */; };
/* End PBXBuildFile section */

/* Begin PBXFileReference section */
		A7C84E81266E233300473A35 /* Hole.app */ = {isa = PBXFileReference; explicitFileType = wrapper.application; includeInIndex = 0; path = Hole.app; sourceTree = BUILT_PRODUCTS_DIR; };
		A7C84E84266E233300473A35 /* AppDelegate.swift */ = {isa = PBXFileReference; lastKnownFileType = sourcecode.swift; path = AppDelegate.swift; sourceTree = "<group>"; };
		A7C84E88266E233300473A35 /* HoleTableViewController.swift */ = {isa = PBXFileReference; lastKnownFileType = sourcecode.swift; path = HoleTableViewController.swift; sourceTree = "<group>"; };
		A7C84E8B266E233300473A35 /* Base */ = {isa = PBXFileReference; lastKnownFileType = file.storyboard; name = Base; path = Base.lproj/Main.storyboard; sourceTree = "<group>"; };
		A7C84E8D266E233600473A35 /* Assets.xcassets */ = {isa = PBXFileReference; lastKnownFileType = folder.assetcatalog; path = Assets.xcassets; sourceTree = "<group>"; };
		A7C84E90266E233600473A35 /* Base */ = {isa = PBXFileReference; lastKnownFileType = file.storyboard; name = Base; path = Base.lproj/LaunchScreen.storyboard; sourceTree = "<group>"; };
		A7C84E92266E233600473A35 /* Info.plist */ = {isa = PBXFileReference; lastKnownFileType = text.plist.xml; path = Info.plist; sourceTree = "<group>"; };
		A7C84E9D266E251400473A35 /* HoleTableViewCell.swift */ = {isa = PBXFileReference; lastKnownFileType = sourcecode.swift; path = HoleTableViewCell.swift; sourceTree = "<group>"; };
		A7C84EA0266E252500473A35 /* HoleTableViewCell.xib */ = {isa = PBXFileReference; lastKnownFileType = file.xib; path = HoleTableViewCell.xib; sourceTree = "<group>"; };
		A7C84EA3266E29F100473A35 /* UITableView+extension.swift */ = {isa = PBXFileReference; lastKnownFileType = sourcecode.swift; path = "UITableView+extension.swift"; sourceTree = "<group>"; };
		A7C84EAD266E3FAD00473A35 /* HoleViewController.swift */ = {isa = PBXFileReference; lastKnownFileType = sourcecode.swift; path = HoleViewController.swift; sourceTree = "<group>"; };
		A7C84EB8266F4A0500473A35 /* GradientHoleTableViewController.swift */ = {isa = PBXFileReference; lastKnownFileType = sourcecode.swift; path = GradientHoleTableViewController.swift; sourceTree = "<group>"; };
		A7C84EBD266F4ABD00473A35 /* GradientHoleTableViewCell.swift */ = {isa = PBXFileReference; lastKnownFileType = sourcecode.swift; path = GradientHoleTableViewCell.swift; sourceTree = "<group>"; };
		A7C84EC1266F4AC700473A35 /* GradientHoleTableViewCell.xib */ = {isa = PBXFileReference; lastKnownFileType = file.xib; path = GradientHoleTableViewCell.xib; sourceTree = "<group>"; };
		A7C84EC4266F4DFD00473A35 /* UIImageView+extension.swift */ = {isa = PBXFileReference; lastKnownFileType = sourcecode.swift; path = "UIImageView+extension.swift"; sourceTree = "<group>"; };
/* End PBXFileReference section */

/* Begin PBXFrameworksBuildPhase section */
		A7C84E7E266E233300473A35 /* Frameworks */ = {
			isa = PBXFrameworksBuildPhase;
			buildActionMask = 2147483647;
			files = (
			);
			runOnlyForDeploymentPostprocessing = 0;
		};
/* End PBXFrameworksBuildPhase section */

/* Begin PBXGroup section */
		A7C84E78266E233300473A35 = {
			isa = PBXGroup;
			children = (
				A7C84E83266E233300473A35 /* Hole */,
				A7C84E82266E233300473A35 /* Products */,
			);
			sourceTree = "<group>";
		};
		A7C84E82266E233300473A35 /* Products */ = {
			isa = PBXGroup;
			children = (
				A7C84E81266E233300473A35 /* Hole.app */,
			);
			name = Products;
			sourceTree = "<group>";
		};
		A7C84E83266E233300473A35 /* Hole */ = {
			isa = PBXGroup;
			children = (
				A7C84E92266E233600473A35 /* Info.plist */,
				A7C84E8D266E233600473A35 /* Assets.xcassets */,
				A7C84E84266E233300473A35 /* AppDelegate.swift */,
				A7C84ECD266F663800473A35 /* Storyboards */,
				A7C84ECC266F662700473A35 /* Controllers */,
				A7C84EA9266E2C9500473A35 /* Cells */,
				A7C84EA7266E2A0000473A35 /* Extensions */,
			);
			path = Hole;
			sourceTree = "<group>";
		};
		A7C84EA7266E2A0000473A35 /* Extensions */ = {
			isa = PBXGroup;
			children = (
				A7C84EA3266E29F100473A35 /* UITableView+extension.swift */,
				A7C84EC4266F4DFD00473A35 /* UIImageView+extension.swift */,
			);
			path = Extensions;
			sourceTree = "<group>";
		};
		A7C84EA9266E2C9500473A35 /* Cells */ = {
			isa = PBXGroup;
			children = (
				A7C84E9D266E251400473A35 /* HoleTableViewCell.swift */,
				A7C84EA0266E252500473A35 /* HoleTableViewCell.xib */,
				A7C84EBD266F4ABD00473A35 /* GradientHoleTableViewCell.swift */,
				A7C84EC1266F4AC700473A35 /* GradientHoleTableViewCell.xib */,
			);
			path = Cells;
			sourceTree = "<group>";
		};
		A7C84ECC266F662700473A35 /* Controllers */ = {
			isa = PBXGroup;
			children = (
				A7C84EAD266E3FAD00473A35 /* HoleViewController.swift */,
				A7C84E88266E233300473A35 /* HoleTableViewController.swift */,
				A7C84EB8266F4A0500473A35 /* GradientHoleTableViewController.swift */,
			);
			path = Controllers;
			sourceTree = "<group>";
		};
		A7C84ECD266F663800473A35 /* Storyboards */ = {
			isa = PBXGroup;
			children = (
				A7C84E8A266E233300473A35 /* Main.storyboard */,
				A7C84E8F266E233600473A35 /* LaunchScreen.storyboard */,
			);
			path = Storyboards;
			sourceTree = "<group>";
		};
/* End PBXGroup section */

/* Begin PBXNativeTarget section */
		A7C84E80266E233300473A35 /* Hole */ = {
			isa = PBXNativeTarget;
			buildConfigurationList = A7C84E95266E233600473A35 /* Build configuration list for PBXNativeTarget "Hole" */;
			buildPhases = (
				A7C84E7D266E233300473A35 /* Sources */,
				A7C84E7E266E233300473A35 /* Frameworks */,
				A7C84E7F266E233300473A35 /* Resources */,
			);
			buildRules = (
			);
			dependencies = (
			);
			name = Hole;
			productName = PerforatedTable;
			productReference = A7C84E81266E233300473A35 /* Hole.app */;
			productType = "com.apple.product-type.application";
		};
/* End PBXNativeTarget section */

/* Begin PBXProject section */
		A7C84E79266E233300473A35 /* Project object */ = {
			isa = PBXProject;
			attributes = {
				LastSwiftUpdateCheck = 1240;
				LastUpgradeCheck = 1240;
				TargetAttributes = {
					A7C84E80266E233300473A35 = {
						CreatedOnToolsVersion = 12.4;
					};
				};
			};
			buildConfigurationList = A7C84E7C266E233300473A35 /* Build configuration list for PBXProject "Hole" */;
			compatibilityVersion = "Xcode 9.3";
			developmentRegion = en;
			hasScannedForEncodings = 0;
			knownRegions = (
				en,
				Base,
			);
			mainGroup = A7C84E78266E233300473A35;
			productRefGroup = A7C84E82266E233300473A35 /* Products */;
			projectDirPath = "";
			projectRoot = "";
			targets = (
				A7C84E80266E233300473A35 /* Hole */,
			);
		};
/* End PBXProject section */

/* Begin PBXResourcesBuildPhase section */
		A7C84E7F266E233300473A35 /* Resources */ = {
			isa = PBXResourcesBuildPhase;
			buildActionMask = 2147483647;
			files = (
				A7C84E91266E233600473A35 /* LaunchScreen.storyboard in Resources */,
				A7C84E8E266E233600473A35 /* Assets.xcassets in Resources */,
				A7C84E8C266E233300473A35 /* Main.storyboard in Resources */,
				A7C84EC2266F4AC700473A35 /* GradientHoleTableViewCell.xib in Resources */,
				A7C84EA1266E252500473A35 /* HoleTableViewCell.xib in Resources */,
			);
			runOnlyForDeploymentPostprocessing = 0;
		};
/* End PBXResourcesBuildPhase section */

/* Begin PBXSourcesBuildPhase section */
		A7C84E7D266E233300473A35 /* Sources */ = {
			isa = PBXSourcesBuildPhase;
			buildActionMask = 2147483647;
			files = (
				A7C84E89266E233300473A35 /* HoleTableViewController.swift in Sources */,
				A7C84EB9266F4A0500473A35 /* GradientHoleTableViewController.swift in Sources */,
				A7C84EC5266F4DFD00473A35 /* UIImageView+extension.swift in Sources */,
				A7C84E85266E233300473A35 /* AppDelegate.swift in Sources */,
				A7C84EBE266F4ABD00473A35 /* GradientHoleTableViewCell.swift in Sources */,
				A7C84E9E266E251400473A35 /* HoleTableViewCell.swift in Sources */,
				A7C84EA4266E29F100473A35 /* UITableView+extension.swift in Sources */,
				A7C84EAE266E3FAD00473A35 /* HoleViewController.swift in Sources */,
			);
			runOnlyForDeploymentPostprocessing = 0;
		};
/* End PBXSourcesBuildPhase section */

/* Begin PBXVariantGroup section */
		A7C84E8A266E233300473A35 /* Main.storyboard */ = {
			isa = PBXVariantGroup;
			children = (
				A7C84E8B266E233300473A35 /* Base */,
			);
			name = Main.storyboard;
			sourceTree = "<group>";
		};
		A7C84E8F266E233600473A35 /* LaunchScreen.storyboard */ = {
			isa = PBXVariantGroup;
			children = (
				A7C84E90266E233600473A35 /* Base */,
			);
			name = LaunchScreen.storyboard;
			sourceTree = "<group>";
		};
/* End PBXVariantGroup section */

/* Begin XCBuildConfiguration section */
		A7C84E93266E233600473A35 /* Debug */ = {
			isa = XCBuildConfiguration;
			buildSettings = {
				ALWAYS_SEARCH_USER_PATHS = NO;
				CLANG_ANALYZER_NONNULL = YES;
				CLANG_ANALYZER_NUMBER_OBJECT_CONVERSION = YES_AGGRESSIVE;
				CLANG_CXX_LANGUAGE_STANDARD = "gnu++14";
				CLANG_CXX_LIBRARY = "libc++";
				CLANG_ENABLE_MODULES = YES;
				CLANG_ENABLE_OBJC_ARC = YES;
				CLANG_ENABLE_OBJC_WEAK = YES;
				CLANG_WARN_BLOCK_CAPTURE_AUTORELEASING = YES;
				CLANG_WARN_BOOL_CONVERSION = YES;
				CLANG_WARN_COMMA = YES;
				CLANG_WARN_CONSTANT_CONVERSION = YES;
				CLANG_WARN_DEPRECATED_OBJC_IMPLEMENTATIONS = YES;
				CLANG_WARN_DIRECT_OBJC_ISA_USAGE = YES_ERROR;
				CLANG_WARN_DOCUMENTATION_COMMENTS = YES;
				CLANG_WARN_EMPTY_BODY = YES;
				CLANG_WARN_ENUM_CONVERSION = YES;
				CLANG_WARN_INFINITE_RECURSION = YES;
				CLANG_WARN_INT_CONVERSION = YES;
				CLANG_WARN_NON_LITERAL_NULL_CONVERSION = YES;
				CLANG_WARN_OBJC_IMPLICIT_RETAIN_SELF = YES;
				CLANG_WARN_OBJC_LITERAL_CONVERSION = YES;
				CLANG_WARN_OBJC_ROOT_CLASS = YES_ERROR;
				CLANG_WARN_QUOTED_INCLUDE_IN_FRAMEWORK_HEADER = YES;
				CLANG_WARN_RANGE_LOOP_ANALYSIS = YES;
				CLANG_WARN_STRICT_PROTOTYPES = YES;
				CLANG_WARN_SUSPICIOUS_MOVE = YES;
				CLANG_WARN_UNGUARDED_AVAILABILITY = YES_AGGRESSIVE;
				CLANG_WARN_UNREACHABLE_CODE = YES;
				CLANG_WARN__DUPLICATE_METHOD_MATCH = YES;
				COPY_PHASE_STRIP = NO;
				DEBUG_INFORMATION_FORMAT = dwarf;
				ENABLE_STRICT_OBJC_MSGSEND = YES;
				ENABLE_TESTABILITY = YES;
				GCC_C_LANGUAGE_STANDARD = gnu11;
				GCC_DYNAMIC_NO_PIC = NO;
				GCC_NO_COMMON_BLOCKS = YES;
				GCC_OPTIMIZATION_LEVEL = 0;
				GCC_PREPROCESSOR_DEFINITIONS = (
					"DEBUG=1",
					"$(inherited)",
				);
				GCC_WARN_64_TO_32_BIT_CONVERSION = YES;
				GCC_WARN_ABOUT_RETURN_TYPE = YES_ERROR;
				GCC_WARN_UNDECLARED_SELECTOR = YES;
				GCC_WARN_UNINITIALIZED_AUTOS = YES_AGGRESSIVE;
				GCC_WARN_UNUSED_FUNCTION = YES;
				GCC_WARN_UNUSED_VARIABLE = YES;
				IPHONEOS_DEPLOYMENT_TARGET = 14.4;
				MTL_ENABLE_DEBUG_INFO = INCLUDE_SOURCE;
				MTL_FAST_MATH = YES;
				ONLY_ACTIVE_ARCH = YES;
				SDKROOT = iphoneos;
				SWIFT_ACTIVE_COMPILATION_CONDITIONS = DEBUG;
				SWIFT_OPTIMIZATION_LEVEL = "-Onone";
			};
			name = Debug;
		};
		A7C84E94266E233600473A35 /* Release */ = {
			isa = XCBuildConfiguration;
			buildSettings = {
				ALWAYS_SEARCH_USER_PATHS = NO;
				CLANG_ANALYZER_NONNULL = YES;
				CLANG_ANALYZER_NUMBER_OBJECT_CONVERSION = YES_AGGRESSIVE;
				CLANG_CXX_LANGUAGE_STANDARD = "gnu++14";
				CLANG_CXX_LIBRARY = "libc++";
				CLANG_ENABLE_MODULES = YES;
				CLANG_ENABLE_OBJC_ARC = YES;
				CLANG_ENABLE_OBJC_WEAK = YES;
				CLANG_WARN_BLOCK_CAPTURE_AUTORELEASING = YES;
				CLANG_WARN_BOOL_CONVERSION = YES;
				CLANG_WARN_COMMA = YES;
				CLANG_WARN_CONSTANT_CONVERSION = YES;
				CLANG_WARN_DEPRECATED_OBJC_IMPLEMENTATIONS = YES;
				CLANG_WARN_DIRECT_OBJC_ISA_USAGE = YES_ERROR;
				CLANG_WARN_DOCUMENTATION_COMMENTS = YES;
				CLANG_WARN_EMPTY_BODY = YES;
				CLANG_WARN_ENUM_CONVERSION = YES;
				CLANG_WARN_INFINITE_RECURSION = YES;
				CLANG_WARN_INT_CONVERSION = YES;
				CLANG_WARN_NON_LITERAL_NULL_CONVERSION = YES;
				CLANG_WARN_OBJC_IMPLICIT_RETAIN_SELF = YES;
				CLANG_WARN_OBJC_LITERAL_CONVERSION = YES;
				CLANG_WARN_OBJC_ROOT_CLASS = YES_ERROR;
				CLANG_WARN_QUOTED_INCLUDE_IN_FRAMEWORK_HEADER = YES;
				CLANG_WARN_RANGE_LOOP_ANALYSIS = YES;
				CLANG_WARN_STRICT_PROTOTYPES = YES;
				CLANG_WARN_SUSPICIOUS_MOVE = YES;
				CLANG_WARN_UNGUARDED_AVAILABILITY = YES_AGGRESSIVE;
				CLANG_WARN_UNREACHABLE_CODE = YES;
				CLANG_WARN__DUPLICATE_METHOD_MATCH = YES;
				COPY_PHASE_STRIP = NO;
				DEBUG_INFORMATION_FORMAT = "dwarf-with-dsym";
				ENABLE_NS_ASSERTIONS = NO;
				ENABLE_STRICT_OBJC_MSGSEND = YES;
				GCC_C_LANGUAGE_STANDARD = gnu11;
				GCC_NO_COMMON_BLOCKS = YES;
				GCC_WARN_64_TO_32_BIT_CONVERSION = YES;
				GCC_WARN_ABOUT_RETURN_TYPE = YES_ERROR;
				GCC_WARN_UNDECLARED_SELECTOR = YES;
				GCC_WARN_UNINITIALIZED_AUTOS = YES_AGGRESSIVE;
				GCC_WARN_UNUSED_FUNCTION = YES;
				GCC_WARN_UNUSED_VARIABLE = YES;
				IPHONEOS_DEPLOYMENT_TARGET = 14.4;
				MTL_ENABLE_DEBUG_INFO = NO;
				MTL_FAST_MATH = YES;
				SDKROOT = iphoneos;
				SWIFT_COMPILATION_MODE = wholemodule;
				SWIFT_OPTIMIZATION_LEVEL = "-O";
				VALIDATE_PRODUCT = YES;
			};
			name = Release;
		};
		A7C84E96266E233600473A35 /* Debug */ = {
			isa = XCBuildConfiguration;
			buildSettings = {
				ASSETCATALOG_COMPILER_APPICON_NAME = AppIcon;
				ASSETCATALOG_COMPILER_GLOBAL_ACCENT_COLOR_NAME = AccentColor;
				CODE_SIGN_STYLE = Automatic;
				DEVELOPMENT_TEAM = SGJ5CN8GHY;
				INFOPLIST_FILE = Hole/Info.plist;
				IPHONEOS_DEPLOYMENT_TARGET = 11.0;
				LD_RUNPATH_SEARCH_PATHS = (
					"$(inherited)",
					"@executable_path/Frameworks",
				);
				PRODUCT_BUNDLE_IDENTIFIER = "mikhailov-al.hole";
				PRODUCT_NAME = "$(TARGET_NAME)";
				SWIFT_VERSION = 5.0;
				TARGETED_DEVICE_FAMILY = "1,2";
			};
			name = Debug;
		};
		A7C84E97266E233600473A35 /* Release */ = {
			isa = XCBuildConfiguration;
			buildSettings = {
				ASSETCATALOG_COMPILER_APPICON_NAME = AppIcon;
				ASSETCATALOG_COMPILER_GLOBAL_ACCENT_COLOR_NAME = AccentColor;
				CODE_SIGN_STYLE = Automatic;
				DEVELOPMENT_TEAM = SGJ5CN8GHY;
				INFOPLIST_FILE = Hole/Info.plist;
				IPHONEOS_DEPLOYMENT_TARGET = 11.0;
				LD_RUNPATH_SEARCH_PATHS = (
					"$(inherited)",
					"@executable_path/Frameworks",
				);
				PRODUCT_BUNDLE_IDENTIFIER = "mikhailov-al.hole";
				PRODUCT_NAME = "$(TARGET_NAME)";
				SWIFT_VERSION = 5.0;
				TARGETED_DEVICE_FAMILY = "1,2";
			};
			name = Release;
		};
/* End XCBuildConfiguration section */

/* Begin XCConfigurationList section */
		A7C84E7C266E233300473A35 /* Build configuration list for PBXProject "Hole" */ = {
			isa = XCConfigurationList;
			buildConfigurations = (
				A7C84E93266E233600473A35 /* Debug */,
				A7C84E94266E233600473A35 /* Release */,
			);
			defaultConfigurationIsVisible = 0;
			defaultConfigurationName = Release;
		};
		A7C84E95266E233600473A35 /* Build configuration list for PBXNativeTarget "Hole" */ = {
			isa = XCConfigurationList;
			buildConfigurations = (
				A7C84E96266E233600473A35 /* Debug */,
				A7C84E97266E233600473A35 /* Release */,
			);
			defaultConfigurationIsVisible = 0;
			defaultConfigurationName = Release;
		};
/* End XCConfigurationList section */
	};
	rootObject = A7C84E79266E233300473A35 /* Project object */;
}
